// !$*UTF8*$!
{
	archiveVersion = 1;
	classes = {
	};
	objectVersion = 46;
	objects = {

/* Begin PBXBuildFile section */
		08AA4CA51F5E43A6005831AB /* AppDelegate.swift in Sources */ = {isa = PBXBuildFile; fileRef = 08AA4CA41F5E43A6005831AB /* AppDelegate.swift */; };
		08AA4CAA1F5E43A6005831AB /* Main.storyboard in Resources */ = {isa = PBXBuildFile; fileRef = 08AA4CA81F5E43A6005831AB /* Main.storyboard */; };
		08AA4CAC1F5E43A6005831AB /* Assets.xcassets in Resources */ = {isa = PBXBuildFile; fileRef = 08AA4CAB1F5E43A6005831AB /* Assets.xcassets */; };
		08AA4CAF1F5E43A6005831AB /* LaunchScreen.storyboard in Resources */ = {isa = PBXBuildFile; fileRef = 08AA4CAD1F5E43A6005831AB /* LaunchScreen.storyboard */; };
		08AA4CB71F5E4450005831AB /* PinterestLayout.swift in Sources */ = {isa = PBXBuildFile; fileRef = 08AA4CB61F5E4450005831AB /* PinterestLayout.swift */; };
		08AA4CB91F5E4518005831AB /* Photos.xcassets in Resources */ = {isa = PBXBuildFile; fileRef = 08AA4CB81F5E4518005831AB /* Photos.xcassets */; };
		08AA4CBC1F5E4572005831AB /* Photos.plist in Resources */ = {isa = PBXBuildFile; fileRef = 08AA4CBB1F5E4572005831AB /* Photos.plist */; };
		08AA4CBE1F5E458A005831AB /* PhotoStreamViewController.swift in Sources */ = {isa = PBXBuildFile; fileRef = 08AA4CBD1F5E458A005831AB /* PhotoStreamViewController.swift */; };
		08AA4CC11F5E4694005831AB /* UIImage+Decompression.swift in Sources */ = {isa = PBXBuildFile; fileRef = 08AA4CC01F5E4694005831AB /* UIImage+Decompression.swift */; };
		08AA4CC51F5E475A005831AB /* Photo.swift in Sources */ = {isa = PBXBuildFile; fileRef = 08AA4CC41F5E475A005831AB /* Photo.swift */; };
		08AA4CCB1F5E4AC3005831AB /* RoundedCornersView.swift in Sources */ = {isa = PBXBuildFile; fileRef = 08AA4CCA1F5E4AC3005831AB /* RoundedCornersView.swift */; };
		08AA4CCD1F5E4B35005831AB /* AnnotatedPhotoCell.swift in Sources */ = {isa = PBXBuildFile; fileRef = 08AA4CCC1F5E4B35005831AB /* AnnotatedPhotoCell.swift */; };
/* End PBXBuildFile section */

/* Begin PBXFileReference section */
		08AA4CA11F5E43A6005831AB /* Pinterest.app */ = {isa = PBXFileReference; explicitFileType = wrapper.application; includeInIndex = 0; path = Pinterest.app; sourceTree = BUILT_PRODUCTS_DIR; };
		08AA4CA41F5E43A6005831AB /* AppDelegate.swift */ = {isa = PBXFileReference; lastKnownFileType = sourcecode.swift; path = AppDelegate.swift; sourceTree = "<group>"; };
		08AA4CA91F5E43A6005831AB /* Base */ = {isa = PBXFileReference; lastKnownFileType = file.storyboard; name = Base; path = Base.lproj/Main.storyboard; sourceTree = "<group>"; };
		08AA4CAB1F5E43A6005831AB /* Assets.xcassets */ = {isa = PBXFileReference; lastKnownFileType = folder.assetcatalog; path = Assets.xcassets; sourceTree = "<group>"; };
		08AA4CAE1F5E43A6005831AB /* Base */ = {isa = PBXFileReference; lastKnownFileType = file.storyboard; name = Base; path = Base.lproj/LaunchScreen.storyboard; sourceTree = "<group>"; };
		08AA4CB01F5E43A6005831AB /* Info.plist */ = {isa = PBXFileReference; lastKnownFileType = text.plist.xml; path = Info.plist; sourceTree = "<group>"; };
		08AA4CB61F5E4450005831AB /* PinterestLayout.swift */ = {isa = PBXFileReference; fileEncoding = 4; lastKnownFileType = sourcecode.swift; path = PinterestLayout.swift; sourceTree = "<group>"; };
		08AA4CB81F5E4518005831AB /* Photos.xcassets */ = {isa = PBXFileReference; lastKnownFileType = folder.assetcatalog; path = Photos.xcassets; sourceTree = "<group>"; };
		08AA4CBB1F5E4572005831AB /* Photos.plist */ = {isa = PBXFileReference; fileEncoding = 4; lastKnownFileType = text.plist.xml; path = Photos.plist; sourceTree = "<group>"; };
		08AA4CBD1F5E458A005831AB /* PhotoStreamViewController.swift */ = {isa = PBXFileReference; fileEncoding = 4; lastKnownFileType = sourcecode.swift; path = PhotoStreamViewController.swift; sourceTree = "<group>"; };
		08AA4CC01F5E4694005831AB /* UIImage+Decompression.swift */ = {isa = PBXFileReference; fileEncoding = 4; lastKnownFileType = sourcecode.swift; path = "UIImage+Decompression.swift"; sourceTree = "<group>"; };
		08AA4CC41F5E475A005831AB /* Photo.swift */ = {isa = PBXFileReference; fileEncoding = 4; lastKnownFileType = sourcecode.swift; path = Photo.swift; sourceTree = "<group>"; };
		08AA4CCA1F5E4AC3005831AB /* RoundedCornersView.swift */ = {isa = PBXFileReference; fileEncoding = 4; lastKnownFileType = sourcecode.swift; path = RoundedCornersView.swift; sourceTree = "<group>"; };
		08AA4CCC1F5E4B35005831AB /* AnnotatedPhotoCell.swift */ = {isa = PBXFileReference; fileEncoding = 4; lastKnownFileType = sourcecode.swift; path = AnnotatedPhotoCell.swift; sourceTree = "<group>"; };
/* End PBXFileReference section */

/* Begin PBXFrameworksBuildPhase section */
		08AA4C9E1F5E43A6005831AB /* Frameworks */ = {
			isa = PBXFrameworksBuildPhase;
			buildActionMask = 2147483647;
			files = (
			);
			runOnlyForDeploymentPostprocessing = 0;
		};
/* End PBXFrameworksBuildPhase section */

/* Begin PBXGroup section */
		08AA4C981F5E43A6005831AB = {
			isa = PBXGroup;
			children = (
				08AA4CA31F5E43A6005831AB /* Pinterest */,
				08AA4CA21F5E43A6005831AB /* Products */,
			);
			sourceTree = "<group>";
		};
		08AA4CA21F5E43A6005831AB /* Products */ = {
			isa = PBXGroup;
			children = (
				08AA4CA11F5E43A6005831AB /* Pinterest.app */,
			);
			name = Products;
			sourceTree = "<group>";
		};
		08AA4CA31F5E43A6005831AB /* Pinterest */ = {
			isa = PBXGroup;
			children = (
				08AA4CC71F5E4A53005831AB /* Other */,
				08AA4CC81F5E4A68005831AB /* Stroryboards & Xibs */,
				08AA4CBA1F5E4560005831AB /* Assets */,
				08AA4CC91F5E4A83005831AB /* Supporting Flies */,
				08AA4CC31F5E473C005831AB /* Layouts */,
				08AA4CBF1F5E458F005831AB /* Controllers */,
				08AA4CC21F5E4724005831AB /* Extensions */,
				08AA4CC61F5E4A3C005831AB /* Models */,
				08AA4CCE1F5E4B43005831AB /* Views */,
			);
			path = Pinterest;
			sourceTree = "<group>";
		};
		08AA4CBA1F5E4560005831AB /* Assets */ = {
			isa = PBXGroup;
			children = (
				08AA4CBB1F5E4572005831AB /* Photos.plist */,
				08AA4CAB1F5E43A6005831AB /* Assets.xcassets */,
				08AA4CB81F5E4518005831AB /* Photos.xcassets */,
			);
			name = Assets;
			sourceTree = "<group>";
		};
		08AA4CBF1F5E458F005831AB /* Controllers */ = {
			isa = PBXGroup;
			children = (
				08AA4CBD1F5E458A005831AB /* PhotoStreamViewController.swift */,
			);
			name = Controllers;
			sourceTree = "<group>";
		};
		08AA4CC21F5E4724005831AB /* Extensions */ = {
			isa = PBXGroup;
			children = (
				08AA4CC01F5E4694005831AB /* UIImage+Decompression.swift */,
			);
			name = Extensions;
			sourceTree = "<group>";
		};
		08AA4CC31F5E473C005831AB /* Layouts */ = {
			isa = PBXGroup;
			children = (
				08AA4CB61F5E4450005831AB /* PinterestLayout.swift */,
			);
			name = Layouts;
			sourceTree = "<group>";
		};
		08AA4CC61F5E4A3C005831AB /* Models */ = {
			isa = PBXGroup;
			children = (
				08AA4CC41F5E475A005831AB /* Photo.swift */,
			);
			name = Models;
			sourceTree = "<group>";
		};
		08AA4CC71F5E4A53005831AB /* Other */ = {
			isa = PBXGroup;
			children = (
				08AA4CA41F5E43A6005831AB /* AppDelegate.swift */,
			);
			name = Other;
			sourceTree = "<group>";
		};
		08AA4CC81F5E4A68005831AB /* Stroryboards & Xibs */ = {
			isa = PBXGroup;
			children = (
				08AA4CA81F5E43A6005831AB /* Main.storyboard */,
				08AA4CAD1F5E43A6005831AB /* LaunchScreen.storyboard */,
			);
			name = "Stroryboards & Xibs";
			sourceTree = "<group>";
		};
		08AA4CC91F5E4A83005831AB /* Supporting Flies */ = {
			isa = PBXGroup;
			children = (
				08AA4CB01F5E43A6005831AB /* Info.plist */,
			);
			name = "Supporting Flies";
			sourceTree = "<group>";
		};
		08AA4CCE1F5E4B43005831AB /* Views */ = {
			isa = PBXGroup;
			children = (
				08AA4CCA1F5E4AC3005831AB /* RoundedCornersView.swift */,
				08AA4CCC1F5E4B35005831AB /* AnnotatedPhotoCell.swift */,
			);
			name = Views;
			sourceTree = "<group>";
		};
/* End PBXGroup section */

/* Begin PBXNativeTarget section */
		08AA4CA01F5E43A6005831AB /* Pinterest */ = {
			isa = PBXNativeTarget;
			buildConfigurationList = 08AA4CB31F5E43A6005831AB /* Build configuration list for PBXNativeTarget "Pinterest" */;
			buildPhases = (
				08AA4C9D1F5E43A6005831AB /* Sources */,
				08AA4C9E1F5E43A6005831AB /* Frameworks */,
				08AA4C9F1F5E43A6005831AB /* Resources */,
			);
			buildRules = (
			);
			dependencies = (
			);
			name = Pinterest;
			productName = Pinterest;
			productReference = 08AA4CA11F5E43A6005831AB /* Pinterest.app */;
			productType = "com.apple.product-type.application";
		};
/* End PBXNativeTarget section */

/* Begin PBXProject section */
		08AA4C991F5E43A6005831AB /* Project object */ = {
			isa = PBXProject;
			attributes = {
				LastSwiftUpdateCheck = 0830;
				LastUpgradeCheck = 0830;
				ORGANIZATIONNAME = neal;
				TargetAttributes = {
					08AA4CA01F5E43A6005831AB = {
						CreatedOnToolsVersion = 8.3.3;
						ProvisioningStyle = Automatic;
					};
				};
			};
			buildConfigurationList = 08AA4C9C1F5E43A6005831AB /* Build configuration list for PBXProject "Pinterest" */;
			compatibilityVersion = "Xcode 3.2";
			developmentRegion = English;
			hasScannedForEncodings = 0;
			knownRegions = (
				en,
				Base,
			);
			mainGroup = 08AA4C981F5E43A6005831AB;
			productRefGroup = 08AA4CA21F5E43A6005831AB /* Products */;
			projectDirPath = "";
			projectRoot = "";
			targets = (
				08AA4CA01F5E43A6005831AB /* Pinterest */,
			);
		};
/* End PBXProject section */

/* Begin PBXResourcesBuildPhase section */
		08AA4C9F1F5E43A6005831AB /* Resources */ = {
			isa = PBXResourcesBuildPhase;
			buildActionMask = 2147483647;
			files = (
				08AA4CB91F5E4518005831AB /* Photos.xcassets in Resources */,
				08AA4CAF1F5E43A6005831AB /* LaunchScreen.storyboard in Resources */,
				08AA4CAC1F5E43A6005831AB /* Assets.xcassets in Resources */,
				08AA4CAA1F5E43A6005831AB /* Main.storyboard in Resources */,
				08AA4CBC1F5E4572005831AB /* Photos.plist in Resources */,
			);
			runOnlyForDeploymentPostprocessing = 0;
		};
/* End PBXResourcesBuildPhase section */

/* Begin PBXSourcesBuildPhase section */
		08AA4C9D1F5E43A6005831AB /* Sources */ = {
			isa = PBXSourcesBuildPhase;
			buildActionMask = 2147483647;
			files = (
				08AA4CBE1F5E458A005831AB /* PhotoStreamViewController.swift in Sources */,
				08AA4CCD1F5E4B35005831AB /* AnnotatedPhotoCell.swift in Sources */,
				08AA4CC11F5E4694005831AB /* UIImage+Decompression.swift in Sources */,
				08AA4CB71F5E4450005831AB /* PinterestLayout.swift in Sources */,
				08AA4CA51F5E43A6005831AB /* AppDelegate.swift in Sources */,
				08AA4CC51F5E475A005831AB /* Photo.swift in Sources */,
				08AA4CCB1F5E4AC3005831AB /* RoundedCornersView.swift in Sources */,
			);
			runOnlyForDeploymentPostprocessing = 0;
		};
/* End PBXSourcesBuildPhase section */

/* Begin PBXVariantGroup section */
		08AA4CA81F5E43A6005831AB /* Main.storyboard */ = {
			isa = PBXVariantGroup;
			children = (
				08AA4CA91F5E43A6005831AB /* Base */,
			);
			name = Main.storyboard;
			sourceTree = "<group>";
		};
		08AA4CAD1F5E43A6005831AB /* LaunchScreen.storyboard */ = {
			isa = PBXVariantGroup;
			children = (
				08AA4CAE1F5E43A6005831AB /* Base */,
			);
			name = LaunchScreen.storyboard;
			sourceTree = "<group>";
		};
/* End PBXVariantGroup section */

/* Begin XCBuildConfiguration section */
		08AA4CB11F5E43A6005831AB /* Debug */ = {
			isa = XCBuildConfiguration;
			buildSettings = {
				ALWAYS_SEARCH_USER_PATHS = NO;
				CLANG_ANALYZER_NONNULL = YES;
				CLANG_ANALYZER_NUMBER_OBJECT_CONVERSION = YES_AGGRESSIVE;
				CLANG_CXX_LANGUAGE_STANDARD = "gnu++0x";
				CLANG_CXX_LIBRARY = "libc++";
				CLANG_ENABLE_MODULES = YES;
				CLANG_ENABLE_OBJC_ARC = YES;
				CLANG_WARN_BOOL_CONVERSION = YES;
				CLANG_WARN_CONSTANT_CONVERSION = YES;
				CLANG_WARN_DIRECT_OBJC_ISA_USAGE = YES_ERROR;
				CLANG_WARN_DOCUMENTATION_COMMENTS = YES;
				CLANG_WARN_EMPTY_BODY = YES;
				CLANG_WARN_ENUM_CONVERSION = YES;
				CLANG_WARN_INFINITE_RECURSION = YES;
				CLANG_WARN_INT_CONVERSION = YES;
				CLANG_WARN_OBJC_ROOT_CLASS = YES_ERROR;
				CLANG_WARN_SUSPICIOUS_MOVE = YES;
				CLANG_WARN_UNREACHABLE_CODE = YES;
				CLANG_WARN__DUPLICATE_METHOD_MATCH = YES;
				"CODE_SIGN_IDENTITY[sdk=iphoneos*]" = "iPhone Developer";
				COPY_PHASE_STRIP = NO;
				DEBUG_INFORMATION_FORMAT = dwarf;
				ENABLE_STRICT_OBJC_MSGSEND = YES;
				ENABLE_TESTABILITY = YES;
				GCC_C_LANGUAGE_STANDARD = gnu99;
				GCC_DYNAMIC_NO_PIC = NO;
				GCC_NO_COMMON_BLOCKS = YES;
				GCC_OPTIMIZATION_LEVEL = 0;
				GCC_PREPROCESSOR_DEFINITIONS = (
					"DEBUG=1",
					"$(inherited)",
				);
				GCC_WARN_64_TO_32_BIT_CONVERSION = YES;
				GCC_WARN_ABOUT_RETURN_TYPE = YES_ERROR;
				GCC_WARN_UNDECLARED_SELECTOR = YES;
				GCC_WARN_UNINITIALIZED_AUTOS = YES_AGGRESSIVE;
				GCC_WARN_UNUSED_FUNCTION = YES;
				GCC_WARN_UNUSED_VARIABLE = YES;
				IPHONEOS_DEPLOYMENT_TARGET = 10.3;
				MTL_ENABLE_DEBUG_INFO = YES;
				ONLY_ACTIVE_ARCH = YES;
				SDKROOT = iphoneos;
				SWIFT_ACTIVE_COMPILATION_CONDITIONS = DEBUG;
				SWIFT_OPTIMIZATION_LEVEL = "-Onone";
				TARGETED_DEVICE_FAMILY = "1,2";
			};
			name = Debug;
		};
		08AA4CB21F5E43A6005831AB /* Release */ = {
			isa = XCBuildConfiguration;
			buildSettings = {
				ALWAYS_SEARCH_USER_PATHS = NO;
				CLANG_ANALYZER_NONNULL = YES;
				CLANG_ANALYZER_NUMBER_OBJECT_CONVERSION = YES_AGGRESSIVE;
				CLANG_CXX_LANGUAGE_STANDARD = "gnu++0x";
				CLANG_CXX_LIBRARY = "libc++";
				CLANG_ENABLE_MODULES = YES;
				CLANG_ENABLE_OBJC_ARC = YES;
				CLANG_WARN_BOOL_CONVERSION = YES;
				CLANG_WARN_CONSTANT_CONVERSION = YES;
				CLANG_WARN_DIRECT_OBJC_ISA_USAGE = YES_ERROR;
				CLANG_WARN_DOCUMENTATION_COMMENTS = YES;
				CLANG_WARN_EMPTY_BODY = YES;
				CLANG_WARN_ENUM_CONVERSION = YES;
				CLANG_WARN_INFINITE_RECURSION = YES;
				CLANG_WARN_INT_CONVERSION = YES;
				CLANG_WARN_OBJC_ROOT_CLASS = YES_ERROR;
				CLANG_WARN_SUSPICIOUS_MOVE = YES;
				CLANG_WARN_UNREACHABLE_CODE = YES;
				CLANG_WARN__DUPLICATE_METHOD_MATCH = YES;
				"CODE_SIGN_IDENTITY[sdk=iphoneos*]" = "iPhone Developer";
				COPY_PHASE_STRIP = NO;
				DEBUG_INFORMATION_FORMAT = "dwarf-with-dsym";
				ENABLE_NS_ASSERTIONS = NO;
				ENABLE_STRICT_OBJC_MSGSEND = YES;
				GCC_C_LANGUAGE_STANDARD = gnu99;
				GCC_NO_COMMON_BLOCKS = YES;
				GCC_WARN_64_TO_32_BIT_CONVERSION = YES;
				GCC_WARN_ABOUT_RETURN_TYPE = YES_ERROR;
				GCC_WARN_UNDECLARED_SELECTOR = YES;
				GCC_WARN_UNINITIALIZED_AUTOS = YES_AGGRESSIVE;
				GCC_WARN_UNUSED_FUNCTION = YES;
				GCC_WARN_UNUSED_VARIABLE = YES;
				IPHONEOS_DEPLOYMENT_TARGET = 10.3;
				MTL_ENABLE_DEBUG_INFO = NO;
				SDKROOT = iphoneos;
				SWIFT_OPTIMIZATION_LEVEL = "-Owholemodule";
				TARGETED_DEVICE_FAMILY = "1,2";
				VALIDATE_PRODUCT = YES;
			};
			name = Release;
		};
		08AA4CB41F5E43A6005831AB /* Debug */ = {
			isa = XCBuildConfiguration;
			buildSettings = {
				ASSETCATALOG_COMPILER_APPICON_NAME = AppIcon;
				INFOPLIST_FILE = Pinterest/Info.plist;
				LD_RUNPATH_SEARCH_PATHS = "$(inherited) @executable_path/Frameworks";
				PRODUCT_BUNDLE_IDENTIFIER = com.neal.Pinterest;
				PRODUCT_NAME = "$(TARGET_NAME)";
				SWIFT_VERSION = 3.0;
			};
			name = Debug;
		};
		08AA4CB51F5E43A6005831AB /* Release */ = {
			isa = XCBuildConfiguration;
			buildSettings = {
				ASSETCATALOG_COMPILER_APPICON_NAME = AppIcon;
				INFOPLIST_FILE = Pinterest/Info.plist;
				LD_RUNPATH_SEARCH_PATHS = "$(inherited) @executable_path/Frameworks";
				PRODUCT_BUNDLE_IDENTIFIER = com.neal.Pinterest;
				PRODUCT_NAME = "$(TARGET_NAME)";
				SWIFT_VERSION = 3.0;
			};
			name = Release;
		};
/* End XCBuildConfiguration section */

/* Begin XCConfigurationList section */
		08AA4C9C1F5E43A6005831AB /* Build configuration list for PBXProject "Pinterest" */ = {
			isa = XCConfigurationList;
			buildConfigurations = (
				08AA4CB11F5E43A6005831AB /* Debug */,
				08AA4CB21F5E43A6005831AB /* Release */,
			);
			defaultConfigurationIsVisible = 0;
			defaultConfigurationName = Release;
		};
		08AA4CB31F5E43A6005831AB /* Build configuration list for PBXNativeTarget "Pinterest" */ = {
			isa = XCConfigurationList;
			buildConfigurations = (
				08AA4CB41F5E43A6005831AB /* Debug */,
				08AA4CB51F5E43A6005831AB /* Release */,
			);
			defaultConfigurationIsVisible = 0;
			defaultConfigurationName = Release;
		};
/* End XCConfigurationList section */
	};
	rootObject = 08AA4C991F5E43A6005831AB /* Project object */;
}
